
Microsoft Visual Studio Solution File, Format Version 12.00
# Visual Studio Version 16
VisualStudioVersion = 16.0.30413.136
MinimumVisualStudioVersion = 10.0.40219.1
Project("{FAE04EC0-301F-11D3-BF4B-00C04F79EFBC}") = "lw5", "lw5\lw5.csproj", "{A43D7DF4-4AA2-4BBC-BD04-A5472283B9D4}"
EndProject
Global
	GlobalSection(SolutionConfigurationPlatforms) = preSolution
		Debug|Any CPU = Debug|Any CPU
		Release|Any CPU = Release|Any CPU
	EndGlobalSection
	GlobalSection(ProjectConfigurationPlatforms) = postSolution
		{A43D7DF4-4AA2-4BBC-BD04-A5472283B9D4}.Debug|Any CPU.ActiveCfg = Debug|Any CPU
		{A43D7DF4-4AA2-4BBC-BD04-A5472283B9D4}.Debug|Any CPU.Build.0 = Debug|Any CPU
		{A43D7DF4-4AA2-4BBC-BD04-A5472283B9D4}.Release|Any CPU.ActiveCfg = Release|Any CPU
		{A43D7DF4-4AA2-4BBC-BD04-A5472283B9D4}.Release|Any CPU.Build.0 = Release|Any CPU
	EndGlobalSection
	GlobalSection(SolutionProperties) = preSolution
		HideSolutionNode = FALSE
	EndGlobalSection
	GlobalSection(ExtensibilityGlobals) = postSolution
		SolutionGuid = {BD4C111F-F1D7-417C-AE05-9AD383479DDE}
	EndGlobalSection
EndGlobal
